// !$*UTF8*$!
{
	archiveVersion = 1;
	classes = {
	};
	objectVersion = 53;
	objects = {

/* Begin PBXBuildFile section */
		479B20B227B5DEDD00F45EF3 /* AppData.swift in Sources */ = {isa = PBXBuildFile; fileRef = 479B20B127B5DEDD00F45EF3 /* AppData.swift */; };
		47A2C60327B17BD80048ADB7 /* AppDelegate.swift in Sources */ = {isa = PBXBuildFile; fileRef = 47A2C60227B17BD80048ADB7 /* AppDelegate.swift */; };
		47A2C60527B17BD80048ADB7 /* SceneDelegate.swift in Sources */ = {isa = PBXBuildFile; fileRef = 47A2C60427B17BD80048ADB7 /* SceneDelegate.swift */; };
		47A2C60727B17BD80048ADB7 /* ViewController.swift in Sources */ = {isa = PBXBuildFile; fileRef = 47A2C60627B17BD80048ADB7 /* ViewController.swift */; };
		47A2C60A27B17BD80048ADB7 /* Main.storyboard in Resources */ = {isa = PBXBuildFile; fileRef = 47A2C60827B17BD80048ADB7 /* Main.storyboard */; };
		47A2C60C27B17BD90048ADB7 /* Assets.xcassets in Resources */ = {isa = PBXBuildFile; fileRef = 47A2C60B27B17BD90048ADB7 /* Assets.xcassets */; };
		47A2C60F27B17BD90048ADB7 /* LaunchScreen.storyboard in Resources */ = {isa = PBXBuildFile; fileRef = 47A2C60D27B17BD90048ADB7 /* LaunchScreen.storyboard */; };
		47A2C61A27B17BDA0048ADB7 /* EmpleadosTests.swift in Sources */ = {isa = PBXBuildFile; fileRef = 47A2C61927B17BDA0048ADB7 /* EmpleadosTests.swift */; };
		47A2C62427B17BDA0048ADB7 /* EmpleadosUITests.swift in Sources */ = {isa = PBXBuildFile; fileRef = 47A2C62327B17BDA0048ADB7 /* EmpleadosUITests.swift */; };
		47A2C62627B17BDA0048ADB7 /* EmpleadosUITestsLaunchTests.swift in Sources */ = {isa = PBXBuildFile; fileRef = 47A2C62527B17BDA0048ADB7 /* EmpleadosUITestsLaunchTests.swift */; };
		47B6212D27B2DD840057A3D1 /* ListVC.swift in Sources */ = {isa = PBXBuildFile; fileRef = 47B6212C27B2DD840057A3D1 /* ListVC.swift */; };
		47B6212F27B2E1870057A3D1 /* RegisterEmployeeVC.swift in Sources */ = {isa = PBXBuildFile; fileRef = 47B6212E27B2E1870057A3D1 /* RegisterEmployeeVC.swift */; };
		47B6213127B2E2060057A3D1 /* SearchEmployeeVC.swift in Sources */ = {isa = PBXBuildFile; fileRef = 47B6213027B2E2060057A3D1 /* SearchEmployeeVC.swift */; };
		47B6213327B2E26D0057A3D1 /* EditEmployeeVC.swift in Sources */ = {isa = PBXBuildFile; fileRef = 47B6213227B2E26D0057A3D1 /* EditEmployeeVC.swift */; };
		47B6213527B2E2BE0057A3D1 /* ProfileVC.swift in Sources */ = {isa = PBXBuildFile; fileRef = 47B6213427B2E2BE0057A3D1 /* ProfileVC.swift */; };
		47B6213B27B2EB7F0057A3D1 /* Employee.swift in Sources */ = {isa = PBXBuildFile; fileRef = 47B6213A27B2EB7F0057A3D1 /* Employee.swift */; };
		47C1F1DF27B1D14C00B9CB48 /* LoginVC.swift in Sources */ = {isa = PBXBuildFile; fileRef = 47C1F1DE27B1D14C00B9CB48 /* LoginVC.swift */; };
		47C1F1E127B1D83500B9CB48 /* RecoverPassVC.swift in Sources */ = {isa = PBXBuildFile; fileRef = 47C1F1E027B1D83500B9CB48 /* RecoverPassVC.swift */; };
		47C40B1A27B6AFC6000B1FEB /* ListCell.swift in Sources */ = {isa = PBXBuildFile; fileRef = 47C40B1927B6AFC6000B1FEB /* ListCell.swift */; };
		47CB27F527B5781D00BB56C8 /* DataMapper.swift in Sources */ = {isa = PBXBuildFile; fileRef = 47CB27F427B5781D00BB56C8 /* DataMapper.swift */; };
		47CB27F927B57E7F00BB56C8 /* Connection.swift in Sources */ = {isa = PBXBuildFile; fileRef = 47CB27F827B57E7F00BB56C8 /* Connection.swift */; };
		47CB27FB27B58B7C00BB56C8 /* Response.swift in Sources */ = {isa = PBXBuildFile; fileRef = 47CB27FA27B58B7C00BB56C8 /* Response.swift */; };
		47CFE82D27BFCB1500F06595 /* DetailVC.swift in Sources */ = {isa = PBXBuildFile; fileRef = 47CFE82C27BFCB1500F06595 /* DetailVC.swift */; };
/* End PBXBuildFile section */

/* Begin PBXContainerItemProxy section */
		47A2C61627B17BDA0048ADB7 /* PBXContainerItemProxy */ = {
			isa = PBXContainerItemProxy;
			containerPortal = 47A2C5F727B17BD80048ADB7 /* Project object */;
			proxyType = 1;
			remoteGlobalIDString = 47A2C5FE27B17BD80048ADB7;
			remoteInfo = Empleados;
		};
		47A2C62027B17BDA0048ADB7 /* PBXContainerItemProxy */ = {
			isa = PBXContainerItemProxy;
			containerPortal = 47A2C5F727B17BD80048ADB7 /* Project object */;
			proxyType = 1;
			remoteGlobalIDString = 47A2C5FE27B17BD80048ADB7;
			remoteInfo = Empleados;
		};
/* End PBXContainerItemProxy section */

/* Begin PBXFileReference section */
		479B20B127B5DEDD00F45EF3 /* AppData.swift */ = {isa = PBXFileReference; lastKnownFileType = sourcecode.swift; path = AppData.swift; sourceTree = "<group>"; };
		47A2C5FF27B17BD80048ADB7 /* Empleados.app */ = {isa = PBXFileReference; explicitFileType = wrapper.application; includeInIndex = 0; path = Empleados.app; sourceTree = BUILT_PRODUCTS_DIR; };
		47A2C60227B17BD80048ADB7 /* AppDelegate.swift */ = {isa = PBXFileReference; lastKnownFileType = sourcecode.swift; path = AppDelegate.swift; sourceTree = "<group>"; };
		47A2C60427B17BD80048ADB7 /* SceneDelegate.swift */ = {isa = PBXFileReference; lastKnownFileType = sourcecode.swift; path = SceneDelegate.swift; sourceTree = "<group>"; };
		47A2C60627B17BD80048ADB7 /* ViewController.swift */ = {isa = PBXFileReference; lastKnownFileType = sourcecode.swift; path = ViewController.swift; sourceTree = "<group>"; };
		47A2C60927B17BD80048ADB7 /* Base */ = {isa = PBXFileReference; lastKnownFileType = file.storyboard; name = Base; path = Base.lproj/Main.storyboard; sourceTree = "<group>"; };
		47A2C60B27B17BD90048ADB7 /* Assets.xcassets */ = {isa = PBXFileReference; lastKnownFileType = folder.assetcatalog; path = Assets.xcassets; sourceTree = "<group>"; };
		47A2C60E27B17BD90048ADB7 /* Base */ = {isa = PBXFileReference; lastKnownFileType = file.storyboard; name = Base; path = Base.lproj/LaunchScreen.storyboard; sourceTree = "<group>"; };
		47A2C61027B17BD90048ADB7 /* Info.plist */ = {isa = PBXFileReference; lastKnownFileType = text.plist.xml; path = Info.plist; sourceTree = "<group>"; };
		47A2C61527B17BDA0048ADB7 /* EmpleadosTests.xctest */ = {isa = PBXFileReference; explicitFileType = wrapper.cfbundle; includeInIndex = 0; path = EmpleadosTests.xctest; sourceTree = BUILT_PRODUCTS_DIR; };
		47A2C61927B17BDA0048ADB7 /* EmpleadosTests.swift */ = {isa = PBXFileReference; lastKnownFileType = sourcecode.swift; path = EmpleadosTests.swift; sourceTree = "<group>"; };
		47A2C61F27B17BDA0048ADB7 /* EmpleadosUITests.xctest */ = {isa = PBXFileReference; explicitFileType = wrapper.cfbundle; includeInIndex = 0; path = EmpleadosUITests.xctest; sourceTree = BUILT_PRODUCTS_DIR; };
		47A2C62327B17BDA0048ADB7 /* EmpleadosUITests.swift */ = {isa = PBXFileReference; lastKnownFileType = sourcecode.swift; path = EmpleadosUITests.swift; sourceTree = "<group>"; };
		47A2C62527B17BDA0048ADB7 /* EmpleadosUITestsLaunchTests.swift */ = {isa = PBXFileReference; lastKnownFileType = sourcecode.swift; path = EmpleadosUITestsLaunchTests.swift; sourceTree = "<group>"; };
		47B6212C27B2DD840057A3D1 /* ListVC.swift */ = {isa = PBXFileReference; lastKnownFileType = sourcecode.swift; path = ListVC.swift; sourceTree = "<group>"; };
		47B6212E27B2E1870057A3D1 /* RegisterEmployeeVC.swift */ = {isa = PBXFileReference; lastKnownFileType = sourcecode.swift; path = RegisterEmployeeVC.swift; sourceTree = "<group>"; };
		47B6213027B2E2060057A3D1 /* SearchEmployeeVC.swift */ = {isa = PBXFileReference; lastKnownFileType = sourcecode.swift; path = SearchEmployeeVC.swift; sourceTree = "<group>"; };
		47B6213227B2E26D0057A3D1 /* EditEmployeeVC.swift */ = {isa = PBXFileReference; lastKnownFileType = sourcecode.swift; path = EditEmployeeVC.swift; sourceTree = "<group>"; };
		47B6213427B2E2BE0057A3D1 /* ProfileVC.swift */ = {isa = PBXFileReference; lastKnownFileType = sourcecode.swift; path = ProfileVC.swift; sourceTree = "<group>"; };
		47B6213A27B2EB7F0057A3D1 /* Employee.swift */ = {isa = PBXFileReference; lastKnownFileType = sourcecode.swift; path = Employee.swift; sourceTree = "<group>"; };
		47C1F1DE27B1D14C00B9CB48 /* LoginVC.swift */ = {isa = PBXFileReference; lastKnownFileType = sourcecode.swift; path = LoginVC.swift; sourceTree = "<group>"; };
		47C1F1E027B1D83500B9CB48 /* RecoverPassVC.swift */ = {isa = PBXFileReference; lastKnownFileType = sourcecode.swift; path = RecoverPassVC.swift; sourceTree = "<group>"; };
		47C40B1927B6AFC6000B1FEB /* ListCell.swift */ = {isa = PBXFileReference; lastKnownFileType = sourcecode.swift; path = ListCell.swift; sourceTree = "<group>"; };
		47CB27F427B5781D00BB56C8 /* DataMapper.swift */ = {isa = PBXFileReference; lastKnownFileType = sourcecode.swift; path = DataMapper.swift; sourceTree = "<group>"; };
		47CB27F827B57E7F00BB56C8 /* Connection.swift */ = {isa = PBXFileReference; lastKnownFileType = sourcecode.swift; path = Connection.swift; sourceTree = "<group>"; };
		47CB27FA27B58B7C00BB56C8 /* Response.swift */ = {isa = PBXFileReference; lastKnownFileType = sourcecode.swift; path = Response.swift; sourceTree = "<group>"; };
		47CFE82C27BFCB1500F06595 /* DetailVC.swift */ = {isa = PBXFileReference; lastKnownFileType = sourcecode.swift; path = DetailVC.swift; sourceTree = "<group>"; };
/* End PBXFileReference section */

/* Begin PBXFrameworksBuildPhase section */
		47A2C5FC27B17BD80048ADB7 /* Frameworks */ = {
			isa = PBXFrameworksBuildPhase;
			buildActionMask = 2147483647;
			files = (
			);
			runOnlyForDeploymentPostprocessing = 0;
		};
		47A2C61227B17BDA0048ADB7 /* Frameworks */ = {
			isa = PBXFrameworksBuildPhase;
			buildActionMask = 2147483647;
			files = (
			);
			runOnlyForDeploymentPostprocessing = 0;
		};
		47A2C61C27B17BDA0048ADB7 /* Frameworks */ = {
			isa = PBXFrameworksBuildPhase;
			buildActionMask = 2147483647;
			files = (
			);
			runOnlyForDeploymentPostprocessing = 0;
		};
/* End PBXFrameworksBuildPhase section */

/* Begin PBXGroup section */
		47A2C5F627B17BD80048ADB7 = {
			isa = PBXGroup;
			children = (
				47B6213627B2EA790057A3D1 /* Data Layer */,
				47A2C60127B17BD80048ADB7 /* Empleados */,
				47A2C61827B17BDA0048ADB7 /* EmpleadosTests */,
				47A2C62227B17BDA0048ADB7 /* EmpleadosUITests */,
				47A2C60027B17BD80048ADB7 /* Products */,
			);
			sourceTree = "<group>";
		};
		47A2C60027B17BD80048ADB7 /* Products */ = {
			isa = PBXGroup;
			children = (
				47A2C5FF27B17BD80048ADB7 /* Empleados.app */,
				47A2C61527B17BDA0048ADB7 /* EmpleadosTests.xctest */,
				47A2C61F27B17BDA0048ADB7 /* EmpleadosUITests.xctest */,
			);
			name = Products;
			sourceTree = "<group>";
		};
		47A2C60127B17BD80048ADB7 /* Empleados */ = {
			isa = PBXGroup;
			children = (
				47A2C60227B17BD80048ADB7 /* AppDelegate.swift */,
				47A2C60427B17BD80048ADB7 /* SceneDelegate.swift */,
				47A2C60627B17BD80048ADB7 /* ViewController.swift */,
				47A2C60827B17BD80048ADB7 /* Main.storyboard */,
				47A2C60B27B17BD90048ADB7 /* Assets.xcassets */,
				47A2C60D27B17BD90048ADB7 /* LaunchScreen.storyboard */,
				47A2C61027B17BD90048ADB7 /* Info.plist */,
				47C1F1DE27B1D14C00B9CB48 /* LoginVC.swift */,
				47C1F1E027B1D83500B9CB48 /* RecoverPassVC.swift */,
				47B6212C27B2DD840057A3D1 /* ListVC.swift */,
				47CFE82C27BFCB1500F06595 /* DetailVC.swift */,
				47B6212E27B2E1870057A3D1 /* RegisterEmployeeVC.swift */,
				47B6213027B2E2060057A3D1 /* SearchEmployeeVC.swift */,
				47B6213227B2E26D0057A3D1 /* EditEmployeeVC.swift */,
				47B6213427B2E2BE0057A3D1 /* ProfileVC.swift */,
			);
			path = Empleados;
			sourceTree = "<group>";
		};
		47A2C61827B17BDA0048ADB7 /* EmpleadosTests */ = {
			isa = PBXGroup;
			children = (
				47A2C61927B17BDA0048ADB7 /* EmpleadosTests.swift */,
			);
			path = EmpleadosTests;
			sourceTree = "<group>";
		};
		47A2C62227B17BDA0048ADB7 /* EmpleadosUITests */ = {
			isa = PBXGroup;
			children = (
				47A2C62327B17BDA0048ADB7 /* EmpleadosUITests.swift */,
				47A2C62527B17BDA0048ADB7 /* EmpleadosUITestsLaunchTests.swift */,
			);
			path = EmpleadosUITests;
			sourceTree = "<group>";
		};
		47B6213627B2EA790057A3D1 /* Data Layer */ = {
			isa = PBXGroup;
			children = (
				47B6213927B2EACF0057A3D1 /* Cells */,
				47B6213827B2EAA70057A3D1 /* NetworkManager */,
				47B6213727B2EA930057A3D1 /* Model */,
			);
			path = "Data Layer";
			sourceTree = "<group>";
		};
		47B6213727B2EA930057A3D1 /* Model */ = {
			isa = PBXGroup;
			children = (
				47CB27FA27B58B7C00BB56C8 /* Response.swift */,
				47B6213A27B2EB7F0057A3D1 /* Employee.swift */,
			);
			path = Model;
			sourceTree = "<group>";
		};
		47B6213827B2EAA70057A3D1 /* NetworkManager */ = {
			isa = PBXGroup;
			children = (
				47CB27F827B57E7F00BB56C8 /* Connection.swift */,
				47CB27F427B5781D00BB56C8 /* DataMapper.swift */,
				479B20B127B5DEDD00F45EF3 /* AppData.swift */,
			);
			path = NetworkManager;
			sourceTree = "<group>";
		};
		47B6213927B2EACF0057A3D1 /* Cells */ = {
			isa = PBXGroup;
			children = (
				47C40B1927B6AFC6000B1FEB /* ListCell.swift */,
			);
			path = Cells;
			sourceTree = "<group>";
		};
/* End PBXGroup section */

/* Begin PBXNativeTarget section */
		47A2C5FE27B17BD80048ADB7 /* Empleados */ = {
			isa = PBXNativeTarget;
			buildConfigurationList = 47A2C62927B17BDA0048ADB7 /* Build configuration list for PBXNativeTarget "Empleados" */;
			buildPhases = (
				47A2C5FB27B17BD80048ADB7 /* Sources */,
				47A2C5FC27B17BD80048ADB7 /* Frameworks */,
				47A2C5FD27B17BD80048ADB7 /* Resources */,
			);
			buildRules = (
			);
			dependencies = (
			);
			name = Empleados;
			productName = Empleados;
			productReference = 47A2C5FF27B17BD80048ADB7 /* Empleados.app */;
			productType = "com.apple.product-type.application";
		};
		47A2C61427B17BDA0048ADB7 /* EmpleadosTests */ = {
			isa = PBXNativeTarget;
			buildConfigurationList = 47A2C62C27B17BDA0048ADB7 /* Build configuration list for PBXNativeTarget "EmpleadosTests" */;
			buildPhases = (
				47A2C61127B17BDA0048ADB7 /* Sources */,
				47A2C61227B17BDA0048ADB7 /* Frameworks */,
				47A2C61327B17BDA0048ADB7 /* Resources */,
			);
			buildRules = (
			);
			dependencies = (
				47A2C61727B17BDA0048ADB7 /* PBXTargetDependency */,
			);
			name = EmpleadosTests;
			productName = EmpleadosTests;
			productReference = 47A2C61527B17BDA0048ADB7 /* EmpleadosTests.xctest */;
			productType = "com.apple.product-type.bundle.unit-test";
		};
		47A2C61E27B17BDA0048ADB7 /* EmpleadosUITests */ = {
			isa = PBXNativeTarget;
			buildConfigurationList = 47A2C62F27B17BDA0048ADB7 /* Build configuration list for PBXNativeTarget "EmpleadosUITests" */;
			buildPhases = (
				47A2C61B27B17BDA0048ADB7 /* Sources */,
				47A2C61C27B17BDA0048ADB7 /* Frameworks */,
				47A2C61D27B17BDA0048ADB7 /* Resources */,
			);
			buildRules = (
			);
			dependencies = (
				47A2C62127B17BDA0048ADB7 /* PBXTargetDependency */,
			);
			name = EmpleadosUITests;
			productName = EmpleadosUITests;
			productReference = 47A2C61F27B17BDA0048ADB7 /* EmpleadosUITests.xctest */;
			productType = "com.apple.product-type.bundle.ui-testing";
		};
/* End PBXNativeTarget section */

/* Begin PBXProject section */
		47A2C5F727B17BD80048ADB7 /* Project object */ = {
			isa = PBXProject;
			attributes = {
				BuildIndependentTargetsInParallel = 1;
				LastSwiftUpdateCheck = 1320;
				LastUpgradeCheck = 1320;
				TargetAttributes = {
					47A2C5FE27B17BD80048ADB7 = {
						CreatedOnToolsVersion = 13.2.1;
					};
					47A2C61427B17BDA0048ADB7 = {
						CreatedOnToolsVersion = 13.2.1;
						TestTargetID = 47A2C5FE27B17BD80048ADB7;
					};
					47A2C61E27B17BDA0048ADB7 = {
						CreatedOnToolsVersion = 13.2.1;
						TestTargetID = 47A2C5FE27B17BD80048ADB7;
					};
				};
			};
			buildConfigurationList = 47A2C5FA27B17BD80048ADB7 /* Build configuration list for PBXProject "Empleados" */;
			compatibilityVersion = "Xcode 11.0";
			developmentRegion = en;
			hasScannedForEncodings = 0;
			knownRegions = (
				en,
				Base,
			);
			mainGroup = 47A2C5F627B17BD80048ADB7;
			productRefGroup = 47A2C60027B17BD80048ADB7 /* Products */;
			projectDirPath = "";
			projectRoot = "";
			targets = (
				47A2C5FE27B17BD80048ADB7 /* Empleados */,
				47A2C61427B17BDA0048ADB7 /* EmpleadosTests */,
				47A2C61E27B17BDA0048ADB7 /* EmpleadosUITests */,
			);
		};
/* End PBXProject section */

/* Begin PBXResourcesBuildPhase section */
		47A2C5FD27B17BD80048ADB7 /* Resources */ = {
			isa = PBXResourcesBuildPhase;
			buildActionMask = 2147483647;
			files = (
				47A2C60F27B17BD90048ADB7 /* LaunchScreen.storyboard in Resources */,
				47A2C60C27B17BD90048ADB7 /* Assets.xcassets in Resources */,
				47A2C60A27B17BD80048ADB7 /* Main.storyboard in Resources */,
			);
			runOnlyForDeploymentPostprocessing = 0;
		};
		47A2C61327B17BDA0048ADB7 /* Resources */ = {
			isa = PBXResourcesBuildPhase;
			buildActionMask = 2147483647;
			files = (
			);
			runOnlyForDeploymentPostprocessing = 0;
		};
		47A2C61D27B17BDA0048ADB7 /* Resources */ = {
			isa = PBXResourcesBuildPhase;
			buildActionMask = 2147483647;
			files = (
			);
			runOnlyForDeploymentPostprocessing = 0;
		};
/* End PBXResourcesBuildPhase section */

/* Begin PBXSourcesBuildPhase section */
		47A2C5FB27B17BD80048ADB7 /* Sources */ = {
			isa = PBXSourcesBuildPhase;
			buildActionMask = 2147483647;
			files = (
				47B6213527B2E2BE0057A3D1 /* ProfileVC.swift in Sources */,
				47B6213127B2E2060057A3D1 /* SearchEmployeeVC.swift in Sources */,
				47B6212D27B2DD840057A3D1 /* ListVC.swift in Sources */,
				479B20B227B5DEDD00F45EF3 /* AppData.swift in Sources */,
				47CB27F527B5781D00BB56C8 /* DataMapper.swift in Sources */,
				47CFE82D27BFCB1500F06595 /* DetailVC.swift in Sources */,
				47CB27FB27B58B7C00BB56C8 /* Response.swift in Sources */,
				47B6213B27B2EB7F0057A3D1 /* Employee.swift in Sources */,
				47A2C60727B17BD80048ADB7 /* ViewController.swift in Sources */,
				47A2C60327B17BD80048ADB7 /* AppDelegate.swift in Sources */,
				47CB27F927B57E7F00BB56C8 /* Connection.swift in Sources */,
				47C1F1E127B1D83500B9CB48 /* RecoverPassVC.swift in Sources */,
				47C40B1A27B6AFC6000B1FEB /* ListCell.swift in Sources */,
				47B6213327B2E26D0057A3D1 /* EditEmployeeVC.swift in Sources */,
				47B6212F27B2E1870057A3D1 /* RegisterEmployeeVC.swift in Sources */,
				47C1F1DF27B1D14C00B9CB48 /* LoginVC.swift in Sources */,
				47A2C60527B17BD80048ADB7 /* SceneDelegate.swift in Sources */,
			);
			runOnlyForDeploymentPostprocessing = 0;
		};
		47A2C61127B17BDA0048ADB7 /* Sources */ = {
			isa = PBXSourcesBuildPhase;
			buildActionMask = 2147483647;
			files = (
				47A2C61A27B17BDA0048ADB7 /* EmpleadosTests.swift in Sources */,
			);
			runOnlyForDeploymentPostprocessing = 0;
		};
		47A2C61B27B17BDA0048ADB7 /* Sources */ = {
			isa = PBXSourcesBuildPhase;
			buildActionMask = 2147483647;
			files = (
				47A2C62427B17BDA0048ADB7 /* EmpleadosUITests.swift in Sources */,
				47A2C62627B17BDA0048ADB7 /* EmpleadosUITestsLaunchTests.swift in Sources */,
			);
			runOnlyForDeploymentPostprocessing = 0;
		};
/* End PBXSourcesBuildPhase section */

/* Begin PBXTargetDependency section */
		47A2C61727B17BDA0048ADB7 /* PBXTargetDependency */ = {
			isa = PBXTargetDependency;
			target = 47A2C5FE27B17BD80048ADB7 /* Empleados */;
			targetProxy = 47A2C61627B17BDA0048ADB7 /* PBXContainerItemProxy */;
		};
		47A2C62127B17BDA0048ADB7 /* PBXTargetDependency */ = {
			isa = PBXTargetDependency;
			target = 47A2C5FE27B17BD80048ADB7 /* Empleados */;
			targetProxy = 47A2C62027B17BDA0048ADB7 /* PBXContainerItemProxy */;
		};
/* End PBXTargetDependency section */

/* Begin PBXVariantGroup section */
		47A2C60827B17BD80048ADB7 /* Main.storyboard */ = {
			isa = PBXVariantGroup;
			children = (
				47A2C60927B17BD80048ADB7 /* Base */,
			);
			name = Main.storyboard;
			sourceTree = "<group>";
		};
		47A2C60D27B17BD90048ADB7 /* LaunchScreen.storyboard */ = {
			isa = PBXVariantGroup;
			children = (
				47A2C60E27B17BD90048ADB7 /* Base */,
			);
			name = LaunchScreen.storyboard;
			sourceTree = "<group>";
		};
/* End PBXVariantGroup section */

/* Begin XCBuildConfiguration section */
		47A2C62727B17BDA0048ADB7 /* Debug */ = {
			isa = XCBuildConfiguration;
			buildSettings = {
				ALWAYS_SEARCH_USER_PATHS = NO;
				CLANG_ANALYZER_NONNULL = YES;
				CLANG_ANALYZER_NUMBER_OBJECT_CONVERSION = YES_AGGRESSIVE;
				CLANG_CXX_LANGUAGE_STANDARD = "gnu++17";
				CLANG_CXX_LIBRARY = "libc++";
				CLANG_ENABLE_MODULES = YES;
				CLANG_ENABLE_OBJC_ARC = YES;
				CLANG_ENABLE_OBJC_WEAK = YES;
				CLANG_WARN_BLOCK_CAPTURE_AUTORELEASING = YES;
				CLANG_WARN_BOOL_CONVERSION = YES;
				CLANG_WARN_COMMA = YES;
				CLANG_WARN_CONSTANT_CONVERSION = YES;
				CLANG_WARN_DEPRECATED_OBJC_IMPLEMENTATIONS = YES;
				CLANG_WARN_DIRECT_OBJC_ISA_USAGE = YES_ERROR;
				CLANG_WARN_DOCUMENTATION_COMMENTS = YES;
				CLANG_WARN_EMPTY_BODY = YES;
				CLANG_WARN_ENUM_CONVERSION = YES;
				CLANG_WARN_INFINITE_RECURSION = YES;
				CLANG_WARN_INT_CONVERSION = YES;
				CLANG_WARN_NON_LITERAL_NULL_CONVERSION = YES;
				CLANG_WARN_OBJC_IMPLICIT_RETAIN_SELF = YES;
				CLANG_WARN_OBJC_LITERAL_CONVERSION = YES;
				CLANG_WARN_OBJC_ROOT_CLASS = YES_ERROR;
				CLANG_WARN_QUOTED_INCLUDE_IN_FRAMEWORK_HEADER = YES;
				CLANG_WARN_RANGE_LOOP_ANALYSIS = YES;
				CLANG_WARN_STRICT_PROTOTYPES = YES;
				CLANG_WARN_SUSPICIOUS_MOVE = YES;
				CLANG_WARN_UNGUARDED_AVAILABILITY = YES_AGGRESSIVE;
				CLANG_WARN_UNREACHABLE_CODE = YES;
				CLANG_WARN__DUPLICATE_METHOD_MATCH = YES;
				COPY_PHASE_STRIP = NO;
				DEBUG_INFORMATION_FORMAT = dwarf;
				ENABLE_STRICT_OBJC_MSGSEND = YES;
				ENABLE_TESTABILITY = YES;
				GCC_C_LANGUAGE_STANDARD = gnu11;
				GCC_DYNAMIC_NO_PIC = NO;
				GCC_NO_COMMON_BLOCKS = YES;
				GCC_OPTIMIZATION_LEVEL = 0;
				GCC_PREPROCESSOR_DEFINITIONS = (
					"DEBUG=1",
					"$(inherited)",
				);
				GCC_WARN_64_TO_32_BIT_CONVERSION = YES;
				GCC_WARN_ABOUT_RETURN_TYPE = YES_ERROR;
				GCC_WARN_UNDECLARED_SELECTOR = YES;
				GCC_WARN_UNINITIALIZED_AUTOS = YES_AGGRESSIVE;
				GCC_WARN_UNUSED_FUNCTION = YES;
				GCC_WARN_UNUSED_VARIABLE = YES;
				IPHONEOS_DEPLOYMENT_TARGET = 15.2;
				MTL_ENABLE_DEBUG_INFO = INCLUDE_SOURCE;
				MTL_FAST_MATH = YES;
				ONLY_ACTIVE_ARCH = YES;
				SDKROOT = iphoneos;
				SWIFT_ACTIVE_COMPILATION_CONDITIONS = DEBUG;
				SWIFT_OPTIMIZATION_LEVEL = "-Onone";
			};
			name = Debug;
		};
		47A2C62827B17BDA0048ADB7 /* Release */ = {
			isa = XCBuildConfiguration;
			buildSettings = {
				ALWAYS_SEARCH_USER_PATHS = NO;
				CLANG_ANALYZER_NONNULL = YES;
				CLANG_ANALYZER_NUMBER_OBJECT_CONVERSION = YES_AGGRESSIVE;
				CLANG_CXX_LANGUAGE_STANDARD = "gnu++17";
				CLANG_CXX_LIBRARY = "libc++";
				CLANG_ENABLE_MODULES = YES;
				CLANG_ENABLE_OBJC_ARC = YES;
				CLANG_ENABLE_OBJC_WEAK = YES;
				CLANG_WARN_BLOCK_CAPTURE_AUTORELEASING = YES;
				CLANG_WARN_BOOL_CONVERSION = YES;
				CLANG_WARN_COMMA = YES;
				CLANG_WARN_CONSTANT_CONVERSION = YES;
				CLANG_WARN_DEPRECATED_OBJC_IMPLEMENTATIONS = YES;
				CLANG_WARN_DIRECT_OBJC_ISA_USAGE = YES_ERROR;
				CLANG_WARN_DOCUMENTATION_COMMENTS = YES;
				CLANG_WARN_EMPTY_BODY = YES;
				CLANG_WARN_ENUM_CONVERSION = YES;
				CLANG_WARN_INFINITE_RECURSION = YES;
				CLANG_WARN_INT_CONVERSION = YES;
				CLANG_WARN_NON_LITERAL_NULL_CONVERSION = YES;
				CLANG_WARN_OBJC_IMPLICIT_RETAIN_SELF = YES;
				CLANG_WARN_OBJC_LITERAL_CONVERSION = YES;
				CLANG_WARN_OBJC_ROOT_CLASS = YES_ERROR;
				CLANG_WARN_QUOTED_INCLUDE_IN_FRAMEWORK_HEADER = YES;
				CLANG_WARN_RANGE_LOOP_ANALYSIS = YES;
				CLANG_WARN_STRICT_PROTOTYPES = YES;
				CLANG_WARN_SUSPICIOUS_MOVE = YES;
				CLANG_WARN_UNGUARDED_AVAILABILITY = YES_AGGRESSIVE;
				CLANG_WARN_UNREACHABLE_CODE = YES;
				CLANG_WARN__DUPLICATE_METHOD_MATCH = YES;
				COPY_PHASE_STRIP = NO;
				DEBUG_INFORMATION_FORMAT = "dwarf-with-dsym";
				ENABLE_NS_ASSERTIONS = NO;
				ENABLE_STRICT_OBJC_MSGSEND = YES;
				GCC_C_LANGUAGE_STANDARD = gnu11;
				GCC_NO_COMMON_BLOCKS = YES;
				GCC_WARN_64_TO_32_BIT_CONVERSION = YES;
				GCC_WARN_ABOUT_RETURN_TYPE = YES_ERROR;
				GCC_WARN_UNDECLARED_SELECTOR = YES;
				GCC_WARN_UNINITIALIZED_AUTOS = YES_AGGRESSIVE;
				GCC_WARN_UNUSED_FUNCTION = YES;
				GCC_WARN_UNUSED_VARIABLE = YES;
				IPHONEOS_DEPLOYMENT_TARGET = 15.2;
				MTL_ENABLE_DEBUG_INFO = NO;
				MTL_FAST_MATH = YES;
				SDKROOT = iphoneos;
				SWIFT_COMPILATION_MODE = wholemodule;
				SWIFT_OPTIMIZATION_LEVEL = "-O";
				VALIDATE_PRODUCT = YES;
			};
			name = Release;
		};
		47A2C62A27B17BDA0048ADB7 /* Debug */ = {
			isa = XCBuildConfiguration;
			buildSettings = {
				ASSETCATALOG_COMPILER_APPICON_NAME = AppIcon;
				ASSETCATALOG_COMPILER_GLOBAL_ACCENT_COLOR_NAME = AccentColor;
				CODE_SIGN_STYLE = Automatic;
				CURRENT_PROJECT_VERSION = 1;
				DEVELOPMENT_TEAM = S995AAJ8H2;
				GENERATE_INFOPLIST_FILE = YES;
				INFOPLIST_FILE = Empleados/Info.plist;
				INFOPLIST_KEY_UIApplicationSupportsIndirectInputEvents = YES;
				INFOPLIST_KEY_UILaunchStoryboardName = LaunchScreen;
				INFOPLIST_KEY_UIMainStoryboardFile = Main;
				INFOPLIST_KEY_UISupportedInterfaceOrientations_iPad = "UIInterfaceOrientationPortrait UIInterfaceOrientationPortraitUpsideDown UIInterfaceOrientationLandscapeLeft UIInterfaceOrientationLandscapeRight";
				INFOPLIST_KEY_UISupportedInterfaceOrientations_iPhone = "UIInterfaceOrientationPortrait UIInterfaceOrientationLandscapeLeft UIInterfaceOrientationLandscapeRight";
				IPHONEOS_DEPLOYMENT_TARGET = 15.0;
				LD_RUNPATH_SEARCH_PATHS = (
					"$(inherited)",
					"@executable_path/Frameworks",
				);
				MARKETING_VERSION = 1.0;
				PRODUCT_BUNDLE_IDENTIFIER = pugrammer.com.Empleados;
				PRODUCT_NAME = "$(TARGET_NAME)";
				SWIFT_EMIT_LOC_STRINGS = YES;
				SWIFT_VERSION = 5.0;
				TARGETED_DEVICE_FAMILY = "1,2";
			};
			name = Debug;
		};
		47A2C62B27B17BDA0048ADB7 /* Release */ = {
			isa = XCBuildConfiguration;
			buildSettings = {
				ASSETCATALOG_COMPILER_APPICON_NAME = AppIcon;
				ASSETCATALOG_COMPILER_GLOBAL_ACCENT_COLOR_NAME = AccentColor;
				CODE_SIGN_STYLE = Automatic;
				CURRENT_PROJECT_VERSION = 1;
				DEVELOPMENT_TEAM = S995AAJ8H2;
				GENERATE_INFOPLIST_FILE = YES;
				INFOPLIST_FILE = Empleados/Info.plist;
				INFOPLIST_KEY_UIApplicationSupportsIndirectInputEvents = YES;
				INFOPLIST_KEY_UILaunchStoryboardName = LaunchScreen;
				INFOPLIST_KEY_UIMainStoryboardFile = Main;
				INFOPLIST_KEY_UISupportedInterfaceOrientations_iPad = "UIInterfaceOrientationPortrait UIInterfaceOrientationPortraitUpsideDown UIInterfaceOrientationLandscapeLeft UIInterfaceOrientationLandscapeRight";
				INFOPLIST_KEY_UISupportedInterfaceOrientations_iPhone = "UIInterfaceOrientationPortrait UIInterfaceOrientationLandscapeLeft UIInterfaceOrientationLandscapeRight";
				IPHONEOS_DEPLOYMENT_TARGET = 15.0;
				LD_RUNPATH_SEARCH_PATHS = (
					"$(inherited)",
					"@executable_path/Frameworks",
				);
				MARKETING_VERSION = 1.0;
				PRODUCT_BUNDLE_IDENTIFIER = pugrammer.com.Empleados;
				PRODUCT_NAME = "$(TARGET_NAME)";
				SWIFT_EMIT_LOC_STRINGS = YES;
				SWIFT_VERSION = 5.0;
				TARGETED_DEVICE_FAMILY = "1,2";
			};
			name = Release;
		};
		47A2C62D27B17BDA0048ADB7 /* Debug */ = {
			isa = XCBuildConfiguration;
			buildSettings = {
				ALWAYS_EMBED_SWIFT_STANDARD_LIBRARIES = YES;
				BUNDLE_LOADER = "$(TEST_HOST)";
				CODE_SIGN_STYLE = Automatic;
				CURRENT_PROJECT_VERSION = 1;
				DEVELOPMENT_TEAM = S995AAJ8H2;
				GENERATE_INFOPLIST_FILE = YES;
				IPHONEOS_DEPLOYMENT_TARGET = 15.2;
				MARKETING_VERSION = 1.0;
				PRODUCT_BUNDLE_IDENTIFIER = pugrammer.com.EmpleadosTests;
				PRODUCT_NAME = "$(TARGET_NAME)";
				SWIFT_EMIT_LOC_STRINGS = NO;
				SWIFT_VERSION = 5.0;
				TARGETED_DEVICE_FAMILY = "1,2";
				TEST_HOST = "$(BUILT_PRODUCTS_DIR)/Empleados.app/Empleados";
			};
			name = Debug;
		};
		47A2C62E27B17BDA0048ADB7 /* Release */ = {
			isa = XCBuildConfiguration;
			buildSettings = {
				ALWAYS_EMBED_SWIFT_STANDARD_LIBRARIES = YES;
				BUNDLE_LOADER = "$(TEST_HOST)";
				CODE_SIGN_STYLE = Automatic;
				CURRENT_PROJECT_VERSION = 1;
				DEVELOPMENT_TEAM = S995AAJ8H2;
				GENERATE_INFOPLIST_FILE = YES;
				IPHONEOS_DEPLOYMENT_TARGET = 15.2;
				MARKETING_VERSION = 1.0;
				PRODUCT_BUNDLE_IDENTIFIER = pugrammer.com.EmpleadosTests;
				PRODUCT_NAME = "$(TARGET_NAME)";
				SWIFT_EMIT_LOC_STRINGS = NO;
				SWIFT_VERSION = 5.0;
				TARGETED_DEVICE_FAMILY = "1,2";
				TEST_HOST = "$(BUILT_PRODUCTS_DIR)/Empleados.app/Empleados";
			};
			name = Release;
		};
		47A2C63027B17BDA0048ADB7 /* Debug */ = {
			isa = XCBuildConfiguration;
			buildSettings = {
				ALWAYS_EMBED_SWIFT_STANDARD_LIBRARIES = YES;
				CODE_SIGN_STYLE = Automatic;
				CURRENT_PROJECT_VERSION = 1;
				DEVELOPMENT_TEAM = S995AAJ8H2;
				GENERATE_INFOPLIST_FILE = YES;
				MARKETING_VERSION = 1.0;
				PRODUCT_BUNDLE_IDENTIFIER = pugrammer.com.EmpleadosUITests;
				PRODUCT_NAME = "$(TARGET_NAME)";
				SWIFT_EMIT_LOC_STRINGS = NO;
				SWIFT_VERSION = 5.0;
				TARGETED_DEVICE_FAMILY = "1,2";
				TEST_TARGET_NAME = Empleados;
			};
			name = Debug;
		};
		47A2C63127B17BDA0048ADB7 /* Release */ = {
			isa = XCBuildConfiguration;
			buildSettings = {
				ALWAYS_EMBED_SWIFT_STANDARD_LIBRARIES = YES;
				CODE_SIGN_STYLE = Automatic;
				CURRENT_PROJECT_VERSION = 1;
				DEVELOPMENT_TEAM = S995AAJ8H2;
				GENERATE_INFOPLIST_FILE = YES;
				MARKETING_VERSION = 1.0;
				PRODUCT_BUNDLE_IDENTIFIER = pugrammer.com.EmpleadosUITests;
				PRODUCT_NAME = "$(TARGET_NAME)";
				SWIFT_EMIT_LOC_STRINGS = NO;
				SWIFT_VERSION = 5.0;
				TARGETED_DEVICE_FAMILY = "1,2";
				TEST_TARGET_NAME = Empleados;
			};
			name = Release;
		};
/* End XCBuildConfiguration section */

/* Begin XCConfigurationList section */
		47A2C5FA27B17BD80048ADB7 /* Build configuration list for PBXProject "Empleados" */ = {
			isa = XCConfigurationList;
			buildConfigurations = (
				47A2C62727B17BDA0048ADB7 /* Debug */,
				47A2C62827B17BDA0048ADB7 /* Release */,
			);
			defaultConfigurationIsVisible = 0;
			defaultConfigurationName = Release;
		};
		47A2C62927B17BDA0048ADB7 /* Build configuration list for PBXNativeTarget "Empleados" */ = {
			isa = XCConfigurationList;
			buildConfigurations = (
				47A2C62A27B17BDA0048ADB7 /* Debug */,
				47A2C62B27B17BDA0048ADB7 /* Release */,
			);
			defaultConfigurationIsVisible = 0;
			defaultConfigurationName = Release;
		};
		47A2C62C27B17BDA0048ADB7 /* Build configuration list for PBXNativeTarget "EmpleadosTests" */ = {
			isa = XCConfigurationList;
			buildConfigurations = (
				47A2C62D27B17BDA0048ADB7 /* Debug */,
				47A2C62E27B17BDA0048ADB7 /* Release */,
			);
			defaultConfigurationIsVisible = 0;
			defaultConfigurationName = Release;
		};
		47A2C62F27B17BDA0048ADB7 /* Build configuration list for PBXNativeTarget "EmpleadosUITests" */ = {
			isa = XCConfigurationList;
			buildConfigurations = (
				47A2C63027B17BDA0048ADB7 /* Debug */,
				47A2C63127B17BDA0048ADB7 /* Release */,
			);
			defaultConfigurationIsVisible = 0;
			defaultConfigurationName = Release;
		};
/* End XCConfigurationList section */
	};
	rootObject = 47A2C5F727B17BD80048ADB7 /* Project object */;
}
